// !$*UTF8*$!
{
	archiveVersion = 1;
	classes = {
	};
	objectVersion = 50;
	objects = {

/* Begin PBXBuildFile section */
		249449E421FD5FFA0006CCC0 /* Ticketing.swift in Sources */ = {isa = PBXBuildFile; fileRef = 249449E321FD5FFA0006CCC0 /* Ticketing.swift */; };
		24EBC9C621E5859100738649 /* AppDelegate.swift in Sources */ = {isa = PBXBuildFile; fileRef = 24EBC9C521E5859100738649 /* AppDelegate.swift */; };
		24EBC9C821E5859100738649 /* ViewController.swift in Sources */ = {isa = PBXBuildFile; fileRef = 24EBC9C721E5859100738649 /* ViewController.swift */; };
		24EBC9CB21E5859100738649 /* Main.storyboard in Resources */ = {isa = PBXBuildFile; fileRef = 24EBC9C921E5859100738649 /* Main.storyboard */; };
		24EBC9CD21E5859300738649 /* Assets.xcassets in Resources */ = {isa = PBXBuildFile; fileRef = 24EBC9CC21E5859300738649 /* Assets.xcassets */; };
		24EBC9D021E5859300738649 /* LaunchScreen.storyboard in Resources */ = {isa = PBXBuildFile; fileRef = 24EBC9CE21E5859300738649 /* LaunchScreen.storyboard */; };
		24EBC9DB21E5859300738649 /* ConcurrencyTests.swift in Sources */ = {isa = PBXBuildFile; fileRef = 24EBC9DA21E5859300738649 /* ConcurrencyTests.swift */; };
		24EBC9E621E5859400738649 /* ConcurrencyUITests.swift in Sources */ = {isa = PBXBuildFile; fileRef = 24EBC9E521E5859400738649 /* ConcurrencyUITests.swift */; };
/* End PBXBuildFile section */

/* Begin PBXContainerItemProxy section */
		24EBC9D721E5859300738649 /* PBXContainerItemProxy */ = {
			isa = PBXContainerItemProxy;
			containerPortal = 24EBC9BA21E5859100738649 /* Project object */;
			proxyType = 1;
			remoteGlobalIDString = 24EBC9C121E5859100738649;
			remoteInfo = Concurrency;
		};
		24EBC9E221E5859400738649 /* PBXContainerItemProxy */ = {
			isa = PBXContainerItemProxy;
			containerPortal = 24EBC9BA21E5859100738649 /* Project object */;
			proxyType = 1;
			remoteGlobalIDString = 24EBC9C121E5859100738649;
			remoteInfo = Concurrency;
		};
/* End PBXContainerItemProxy section */

/* Begin PBXFileReference section */
		249449E321FD5FFA0006CCC0 /* Ticketing.swift */ = {isa = PBXFileReference; lastKnownFileType = sourcecode.swift; path = Ticketing.swift; sourceTree = "<group>"; };
		24EBC9C221E5859100738649 /* Concurrency.app */ = {isa = PBXFileReference; explicitFileType = wrapper.application; includeInIndex = 0; path = Concurrency.app; sourceTree = BUILT_PRODUCTS_DIR; };
		24EBC9C521E5859100738649 /* AppDelegate.swift */ = {isa = PBXFileReference; lastKnownFileType = sourcecode.swift; path = AppDelegate.swift; sourceTree = "<group>"; };
		24EBC9C721E5859100738649 /* ViewController.swift */ = {isa = PBXFileReference; lastKnownFileType = sourcecode.swift; path = ViewController.swift; sourceTree = "<group>"; };
		24EBC9CA21E5859100738649 /* Base */ = {isa = PBXFileReference; lastKnownFileType = file.storyboard; name = Base; path = Base.lproj/Main.storyboard; sourceTree = "<group>"; };
		24EBC9CC21E5859300738649 /* Assets.xcassets */ = {isa = PBXFileReference; lastKnownFileType = folder.assetcatalog; path = Assets.xcassets; sourceTree = "<group>"; };
		24EBC9CF21E5859300738649 /* Base */ = {isa = PBXFileReference; lastKnownFileType = file.storyboard; name = Base; path = Base.lproj/LaunchScreen.storyboard; sourceTree = "<group>"; };
		24EBC9D121E5859300738649 /* Info.plist */ = {isa = PBXFileReference; lastKnownFileType = text.plist.xml; path = Info.plist; sourceTree = "<group>"; };
		24EBC9D621E5859300738649 /* ConcurrencyTests.xctest */ = {isa = PBXFileReference; explicitFileType = wrapper.cfbundle; includeInIndex = 0; path = ConcurrencyTests.xctest; sourceTree = BUILT_PRODUCTS_DIR; };
		24EBC9DA21E5859300738649 /* ConcurrencyTests.swift */ = {isa = PBXFileReference; lastKnownFileType = sourcecode.swift; path = ConcurrencyTests.swift; sourceTree = "<group>"; };
		24EBC9DC21E5859300738649 /* Info.plist */ = {isa = PBXFileReference; lastKnownFileType = text.plist.xml; path = Info.plist; sourceTree = "<group>"; };
		24EBC9E121E5859400738649 /* ConcurrencyUITests.xctest */ = {isa = PBXFileReference; explicitFileType = wrapper.cfbundle; includeInIndex = 0; path = ConcurrencyUITests.xctest; sourceTree = BUILT_PRODUCTS_DIR; };
		24EBC9E521E5859400738649 /* ConcurrencyUITests.swift */ = {isa = PBXFileReference; lastKnownFileType = sourcecode.swift; path = ConcurrencyUITests.swift; sourceTree = "<group>"; };
		24EBC9E721E5859400738649 /* Info.plist */ = {isa = PBXFileReference; lastKnownFileType = text.plist.xml; path = Info.plist; sourceTree = "<group>"; };
/* End PBXFileReference section */

/* Begin PBXFrameworksBuildPhase section */
		24EBC9BF21E5859100738649 /* Frameworks */ = {
			isa = PBXFrameworksBuildPhase;
			buildActionMask = 2147483647;
			files = (
			);
			runOnlyForDeploymentPostprocessing = 0;
		};
		24EBC9D321E5859300738649 /* Frameworks */ = {
			isa = PBXFrameworksBuildPhase;
			buildActionMask = 2147483647;
			files = (
			);
			runOnlyForDeploymentPostprocessing = 0;
		};
		24EBC9DE21E5859400738649 /* Frameworks */ = {
			isa = PBXFrameworksBuildPhase;
			buildActionMask = 2147483647;
			files = (
			);
			runOnlyForDeploymentPostprocessing = 0;
		};
/* End PBXFrameworksBuildPhase section */

/* Begin PBXGroup section */
		24EBC9B921E5859100738649 = {
			isa = PBXGroup;
			children = (
				24EBC9C421E5859100738649 /* Concurrency */,
				24EBC9D921E5859300738649 /* ConcurrencyTests */,
				24EBC9E421E5859400738649 /* ConcurrencyUITests */,
				24EBC9C321E5859100738649 /* Products */,
			);
			sourceTree = "<group>";
		};
		24EBC9C321E5859100738649 /* Products */ = {
			isa = PBXGroup;
			children = (
				24EBC9C221E5859100738649 /* Concurrency.app */,
				24EBC9D621E5859300738649 /* ConcurrencyTests.xctest */,
				24EBC9E121E5859400738649 /* ConcurrencyUITests.xctest */,
			);
			name = Products;
			sourceTree = "<group>";
		};
		24EBC9C421E5859100738649 /* Concurrency */ = {
			isa = PBXGroup;
			children = (
				24EBC9F521E59D4D00738649 /* DispatchQueueConcurrency */,
				24EBC9C521E5859100738649 /* AppDelegate.swift */,
				24EBC9C921E5859100738649 /* Main.storyboard */,
				24EBC9CC21E5859300738649 /* Assets.xcassets */,
				24EBC9CE21E5859300738649 /* LaunchScreen.storyboard */,
				24EBC9D121E5859300738649 /* Info.plist */,
			);
			path = Concurrency;
			sourceTree = "<group>";
		};
		24EBC9D921E5859300738649 /* ConcurrencyTests */ = {
			isa = PBXGroup;
			children = (
				24EBC9DA21E5859300738649 /* ConcurrencyTests.swift */,
				24EBC9DC21E5859300738649 /* Info.plist */,
			);
			path = ConcurrencyTests;
			sourceTree = "<group>";
		};
		24EBC9E421E5859400738649 /* ConcurrencyUITests */ = {
			isa = PBXGroup;
			children = (
				24EBC9E521E5859400738649 /* ConcurrencyUITests.swift */,
				24EBC9E721E5859400738649 /* Info.plist */,
			);
			path = ConcurrencyUITests;
			sourceTree = "<group>";
		};
		24EBC9F521E59D4D00738649 /* DispatchQueueConcurrency */ = {
			isa = PBXGroup;
			children = (
				24ED806421EF781A00683BD5 /* BookingFlightTicket */,
				24EBC9C721E5859100738649 /* ViewController.swift */,
			);
			path = DispatchQueueConcurrency;
			sourceTree = "<group>";
		};
		24ED806421EF781A00683BD5 /* BookingFlightTicket */ = {
			isa = PBXGroup;
			children = (
				249449E321FD5FFA0006CCC0 /* Ticketing.swift */,
			);
			path = BookingFlightTicket;
			sourceTree = "<group>";
		};
/* End PBXGroup section */

/* Begin PBXNativeTarget section */
		24EBC9C121E5859100738649 /* Concurrency */ = {
			isa = PBXNativeTarget;
			buildConfigurationList = 24EBC9EA21E5859400738649 /* Build configuration list for PBXNativeTarget "Concurrency" */;
			buildPhases = (
				24EBC9BE21E5859100738649 /* Sources */,
				24EBC9BF21E5859100738649 /* Frameworks */,
				24EBC9C021E5859100738649 /* Resources */,
			);
			buildRules = (
			);
			dependencies = (
			);
			name = Concurrency;
			productName = Concurrency;
			productReference = 24EBC9C221E5859100738649 /* Concurrency.app */;
			productType = "com.apple.product-type.application";
		};
		24EBC9D521E5859300738649 /* ConcurrencyTests */ = {
			isa = PBXNativeTarget;
			buildConfigurationList = 24EBC9ED21E5859400738649 /* Build configuration list for PBXNativeTarget "ConcurrencyTests" */;
			buildPhases = (
				24EBC9D221E5859300738649 /* Sources */,
				24EBC9D321E5859300738649 /* Frameworks */,
				24EBC9D421E5859300738649 /* Resources */,
			);
			buildRules = (
			);
			dependencies = (
				24EBC9D821E5859300738649 /* PBXTargetDependency */,
			);
			name = ConcurrencyTests;
			productName = ConcurrencyTests;
			productReference = 24EBC9D621E5859300738649 /* ConcurrencyTests.xctest */;
			productType = "com.apple.product-type.bundle.unit-test";
		};
		24EBC9E021E5859400738649 /* ConcurrencyUITests */ = {
			isa = PBXNativeTarget;
			buildConfigurationList = 24EBC9F021E5859400738649 /* Build configuration list for PBXNativeTarget "ConcurrencyUITests" */;
			buildPhases = (
				24EBC9DD21E5859400738649 /* Sources */,
				24EBC9DE21E5859400738649 /* Frameworks */,
				24EBC9DF21E5859400738649 /* Resources */,
			);
			buildRules = (
			);
			dependencies = (
				24EBC9E321E5859400738649 /* PBXTargetDependency */,
			);
			name = ConcurrencyUITests;
			productName = ConcurrencyUITests;
			productReference = 24EBC9E121E5859400738649 /* ConcurrencyUITests.xctest */;
			productType = "com.apple.product-type.bundle.ui-testing";
		};
/* End PBXNativeTarget section */

/* Begin PBXProject section */
		24EBC9BA21E5859100738649 /* Project object */ = {
			isa = PBXProject;
			attributes = {
				LastSwiftUpdateCheck = 1010;
				LastUpgradeCheck = 1010;
				ORGANIZATIONNAME = "Renu Punjabi";
				TargetAttributes = {
					24EBC9C121E5859100738649 = {
						CreatedOnToolsVersion = 10.1;
					};
					24EBC9D521E5859300738649 = {
						CreatedOnToolsVersion = 10.1;
						TestTargetID = 24EBC9C121E5859100738649;
					};
					24EBC9E021E5859400738649 = {
						CreatedOnToolsVersion = 10.1;
						TestTargetID = 24EBC9C121E5859100738649;
					};
				};
			};
			buildConfigurationList = 24EBC9BD21E5859100738649 /* Build configuration list for PBXProject "Concurrency" */;
			compatibilityVersion = "Xcode 9.3";
			developmentRegion = en;
			hasScannedForEncodings = 0;
			knownRegions = (
				en,
				Base,
			);
			mainGroup = 24EBC9B921E5859100738649;
			productRefGroup = 24EBC9C321E5859100738649 /* Products */;
			projectDirPath = "";
			projectRoot = "";
			targets = (
				24EBC9C121E5859100738649 /* Concurrency */,
				24EBC9D521E5859300738649 /* ConcurrencyTests */,
				24EBC9E021E5859400738649 /* ConcurrencyUITests */,
			);
		};
/* End PBXProject section */

/* Begin PBXResourcesBuildPhase section */
		24EBC9C021E5859100738649 /* Resources */ = {
			isa = PBXResourcesBuildPhase;
			buildActionMask = 2147483647;
			files = (
				24EBC9D021E5859300738649 /* LaunchScreen.storyboard in Resources */,
				24EBC9CD21E5859300738649 /* Assets.xcassets in Resources */,
				24EBC9CB21E5859100738649 /* Main.storyboard in Resources */,
			);
			runOnlyForDeploymentPostprocessing = 0;
		};
		24EBC9D421E5859300738649 /* Resources */ = {
			isa = PBXResourcesBuildPhase;
			buildActionMask = 2147483647;
			files = (
			);
			runOnlyForDeploymentPostprocessing = 0;
		};
		24EBC9DF21E5859400738649 /* Resources */ = {
			isa = PBXResourcesBuildPhase;
			buildActionMask = 2147483647;
			files = (
			);
			runOnlyForDeploymentPostprocessing = 0;
		};
/* End PBXResourcesBuildPhase section */

/* Begin PBXSourcesBuildPhase section */
		24EBC9BE21E5859100738649 /* Sources */ = {
			isa = PBXSourcesBuildPhase;
			buildActionMask = 2147483647;
			files = (
				24EBC9C821E5859100738649 /* ViewController.swift in Sources */,
				24EBC9C621E5859100738649 /* AppDelegate.swift in Sources */,
				249449E421FD5FFA0006CCC0 /* Ticketing.swift in Sources */,
			);
			runOnlyForDeploymentPostprocessing = 0;
		};
		24EBC9D221E5859300738649 /* Sources */ = {
			isa = PBXSourcesBuildPhase;
			buildActionMask = 2147483647;
			files = (
				24EBC9DB21E5859300738649 /* ConcurrencyTests.swift in Sources */,
			);
			runOnlyForDeploymentPostprocessing = 0;
		};
		24EBC9DD21E5859400738649 /* Sources */ = {
			isa = PBXSourcesBuildPhase;
			buildActionMask = 2147483647;
			files = (
				24EBC9E621E5859400738649 /* ConcurrencyUITests.swift in Sources */,
			);
			runOnlyForDeploymentPostprocessing = 0;
		};
/* End PBXSourcesBuildPhase section */

/* Begin PBXTargetDependency section */
		24EBC9D821E5859300738649 /* PBXTargetDependency */ = {
			isa = PBXTargetDependency;
			target = 24EBC9C121E5859100738649 /* Concurrency */;
			targetProxy = 24EBC9D721E5859300738649 /* PBXContainerItemProxy */;
		};
		24EBC9E321E5859400738649 /* PBXTargetDependency */ = {
			isa = PBXTargetDependency;
			target = 24EBC9C121E5859100738649 /* Concurrency */;
			targetProxy = 24EBC9E221E5859400738649 /* PBXContainerItemProxy */;
		};
/* End PBXTargetDependency section */

/* Begin PBXVariantGroup section */
		24EBC9C921E5859100738649 /* Main.storyboard */ = {
			isa = PBXVariantGroup;
			children = (
				24EBC9CA21E5859100738649 /* Base */,
			);
			name = Main.storyboard;
			sourceTree = "<group>";
		};
		24EBC9CE21E5859300738649 /* LaunchScreen.storyboard */ = {
			isa = PBXVariantGroup;
			children = (
				24EBC9CF21E5859300738649 /* Base */,
			);
			name = LaunchScreen.storyboard;
			sourceTree = "<group>";
		};
/* End PBXVariantGroup section */

/* Begin XCBuildConfiguration section */
		24EBC9E821E5859400738649 /* Debug */ = {
			isa = XCBuildConfiguration;
			buildSettings = {
				ALWAYS_SEARCH_USER_PATHS = NO;
				CLANG_ANALYZER_NONNULL = YES;
				CLANG_ANALYZER_NUMBER_OBJECT_CONVERSION = YES_AGGRESSIVE;
				CLANG_CXX_LANGUAGE_STANDARD = "gnu++14";
				CLANG_CXX_LIBRARY = "libc++";
				CLANG_ENABLE_MODULES = YES;
				CLANG_ENABLE_OBJC_ARC = YES;
				CLANG_ENABLE_OBJC_WEAK = YES;
				CLANG_WARN_BLOCK_CAPTURE_AUTORELEASING = YES;
				CLANG_WARN_BOOL_CONVERSION = YES;
				CLANG_WARN_COMMA = YES;
				CLANG_WARN_CONSTANT_CONVERSION = YES;
				CLANG_WARN_DEPRECATED_OBJC_IMPLEMENTATIONS = YES;
				CLANG_WARN_DIRECT_OBJC_ISA_USAGE = YES_ERROR;
				CLANG_WARN_DOCUMENTATION_COMMENTS = YES;
				CLANG_WARN_EMPTY_BODY = YES;
				CLANG_WARN_ENUM_CONVERSION = YES;
				CLANG_WARN_INFINITE_RECURSION = YES;
				CLANG_WARN_INT_CONVERSION = YES;
				CLANG_WARN_NON_LITERAL_NULL_CONVERSION = YES;
				CLANG_WARN_OBJC_IMPLICIT_RETAIN_SELF = YES;
				CLANG_WARN_OBJC_LITERAL_CONVERSION = YES;
				CLANG_WARN_OBJC_ROOT_CLASS = YES_ERROR;
				CLANG_WARN_RANGE_LOOP_ANALYSIS = YES;
				CLANG_WARN_STRICT_PROTOTYPES = YES;
				CLANG_WARN_SUSPICIOUS_MOVE = YES;
				CLANG_WARN_UNGUARDED_AVAILABILITY = YES_AGGRESSIVE;
				CLANG_WARN_UNREACHABLE_CODE = YES;
				CLANG_WARN__DUPLICATE_METHOD_MATCH = YES;
				CODE_SIGN_IDENTITY = "iPhone Developer";
				COPY_PHASE_STRIP = NO;
				DEBUG_INFORMATION_FORMAT = dwarf;
				ENABLE_STRICT_OBJC_MSGSEND = YES;
				ENABLE_TESTABILITY = YES;
				GCC_C_LANGUAGE_STANDARD = gnu11;
				GCC_DYNAMIC_NO_PIC = NO;
				GCC_NO_COMMON_BLOCKS = YES;
				GCC_OPTIMIZATION_LEVEL = 0;
				GCC_PREPROCESSOR_DEFINITIONS = (
					"DEBUG=1",
					"$(inherited)",
				);
				GCC_WARN_64_TO_32_BIT_CONVERSION = YES;
				GCC_WARN_ABOUT_RETURN_TYPE = YES_ERROR;
				GCC_WARN_UNDECLARED_SELECTOR = YES;
				GCC_WARN_UNINITIALIZED_AUTOS = YES_AGGRESSIVE;
				GCC_WARN_UNUSED_FUNCTION = YES;
				GCC_WARN_UNUSED_VARIABLE = YES;
				IPHONEOS_DEPLOYMENT_TARGET = 12.1;
				MTL_ENABLE_DEBUG_INFO = INCLUDE_SOURCE;
				MTL_FAST_MATH = YES;
				ONLY_ACTIVE_ARCH = YES;
				SDKROOT = iphoneos;
				SWIFT_ACTIVE_COMPILATION_CONDITIONS = DEBUG;
				SWIFT_OPTIMIZATION_LEVEL = "-Onone";
			};
			name = Debug;
		};
		24EBC9E921E5859400738649 /* Release */ = {
			isa = XCBuildConfiguration;
			buildSettings = {
				ALWAYS_SEARCH_USER_PATHS = NO;
				CLANG_ANALYZER_NONNULL = YES;
				CLANG_ANALYZER_NUMBER_OBJECT_CONVERSION = YES_AGGRESSIVE;
				CLANG_CXX_LANGUAGE_STANDARD = "gnu++14";
				CLANG_CXX_LIBRARY = "libc++";
				CLANG_ENABLE_MODULES = YES;
				CLANG_ENABLE_OBJC_ARC = YES;
				CLANG_ENABLE_OBJC_WEAK = YES;
				CLANG_WARN_BLOCK_CAPTURE_AUTORELEASING = YES;
				CLANG_WARN_BOOL_CONVERSION = YES;
				CLANG_WARN_COMMA = YES;
				CLANG_WARN_CONSTANT_CONVERSION = YES;
				CLANG_WARN_DEPRECATED_OBJC_IMPLEMENTATIONS = YES;
				CLANG_WARN_DIRECT_OBJC_ISA_USAGE = YES_ERROR;
				CLANG_WARN_DOCUMENTATION_COMMENTS = YES;
				CLANG_WARN_EMPTY_BODY = YES;
				CLANG_WARN_ENUM_CONVERSION = YES;
				CLANG_WARN_INFINITE_RECURSION = YES;
				CLANG_WARN_INT_CONVERSION = YES;
				CLANG_WARN_NON_LITERAL_NULL_CONVERSION = YES;
				CLANG_WARN_OBJC_IMPLICIT_RETAIN_SELF = YES;
				CLANG_WARN_OBJC_LITERAL_CONVERSION = YES;
				CLANG_WARN_OBJC_ROOT_CLASS = YES_ERROR;
				CLANG_WARN_RANGE_LOOP_ANALYSIS = YES;
				CLANG_WARN_STRICT_PROTOTYPES = YES;
				CLANG_WARN_SUSPICIOUS_MOVE = YES;
				CLANG_WARN_UNGUARDED_AVAILABILITY = YES_AGGRESSIVE;
				CLANG_WARN_UNREACHABLE_CODE = YES;
				CLANG_WARN__DUPLICATE_METHOD_MATCH = YES;
				CODE_SIGN_IDENTITY = "iPhone Developer";
				COPY_PHASE_STRIP = NO;
				DEBUG_INFORMATION_FORMAT = "dwarf-with-dsym";
				ENABLE_NS_ASSERTIONS = NO;
				ENABLE_STRICT_OBJC_MSGSEND = YES;
				GCC_C_LANGUAGE_STANDARD = gnu11;
				GCC_NO_COMMON_BLOCKS = YES;
				GCC_WARN_64_TO_32_BIT_CONVERSION = YES;
				GCC_WARN_ABOUT_RETURN_TYPE = YES_ERROR;
				GCC_WARN_UNDECLARED_SELECTOR = YES;
				GCC_WARN_UNINITIALIZED_AUTOS = YES_AGGRESSIVE;
				GCC_WARN_UNUSED_FUNCTION = YES;
				GCC_WARN_UNUSED_VARIABLE = YES;
				IPHONEOS_DEPLOYMENT_TARGET = 12.1;
				MTL_ENABLE_DEBUG_INFO = NO;
				MTL_FAST_MATH = YES;
				SDKROOT = iphoneos;
				SWIFT_COMPILATION_MODE = wholemodule;
				SWIFT_OPTIMIZATION_LEVEL = "-O";
				VALIDATE_PRODUCT = YES;
			};
			name = Release;
		};
		24EBC9EB21E5859400738649 /* Debug */ = {
			isa = XCBuildConfiguration;
			buildSettings = {
				ASSETCATALOG_COMPILER_APPICON_NAME = AppIcon;
				CODE_SIGN_STYLE = Automatic;
				INFOPLIST_FILE = Concurrency/Info.plist;
				LD_RUNPATH_SEARCH_PATHS = (
					"$(inherited)",
					"@executable_path/Frameworks",
				);
				PRODUCT_BUNDLE_IDENTIFIER = com.cocoateam.Concurrency;
				PRODUCT_NAME = "$(TARGET_NAME)";
				SWIFT_VERSION = 4.2;
				TARGETED_DEVICE_FAMILY = "1,2";
			};
			name = Debug;
		};
		24EBC9EC21E5859400738649 /* Release */ = {
			isa = XCBuildConfiguration;
			buildSettings = {
				ASSETCATALOG_COMPILER_APPICON_NAME = AppIcon;
				CODE_SIGN_STYLE = Automatic;
				INFOPLIST_FILE = Concurrency/Info.plist;
				LD_RUNPATH_SEARCH_PATHS = (
					"$(inherited)",
					"@executable_path/Frameworks",
				);
				PRODUCT_BUNDLE_IDENTIFIER = com.cocoateam.Concurrency;
				PRODUCT_NAME = "$(TARGET_NAME)";
				SWIFT_VERSION = 4.2;
				TARGETED_DEVICE_FAMILY = "1,2";
			};
			name = Release;
		};
		24EBC9EE21E5859400738649 /* Debug */ = {
			isa = XCBuildConfiguration;
			buildSettings = {
				ALWAYS_EMBED_SWIFT_STANDARD_LIBRARIES = YES;
				BUNDLE_LOADER = "$(TEST_HOST)";
				CODE_SIGN_STYLE = Automatic;
				INFOPLIST_FILE = ConcurrencyTests/Info.plist;
				LD_RUNPATH_SEARCH_PATHS = (
					"$(inherited)",
					"@executable_path/Frameworks",
					"@loader_path/Frameworks",
				);
				PRODUCT_BUNDLE_IDENTIFIER = com.cocoateam.ConcurrencyTests;
				PRODUCT_NAME = "$(TARGET_NAME)";
				SWIFT_VERSION = 4.2;
				TARGETED_DEVICE_FAMILY = "1,2";
				TEST_HOST = "$(BUILT_PRODUCTS_DIR)/Concurrency.app/Concurrency";
			};
			name = Debug;
		};
		24EBC9EF21E5859400738649 /* Release */ = {
			isa = XCBuildConfiguration;
			buildSettings = {
				ALWAYS_EMBED_SWIFT_STANDARD_LIBRARIES = YES;
				BUNDLE_LOADER = "$(TEST_HOST)";
				CODE_SIGN_STYLE = Automatic;
				INFOPLIST_FILE = ConcurrencyTests/Info.plist;
				LD_RUNPATH_SEARCH_PATHS = (
					"$(inherited)",
					"@executable_path/Frameworks",
					"@loader_path/Frameworks",
				);
				PRODUCT_BUNDLE_IDENTIFIER = com.cocoateam.ConcurrencyTests;
				PRODUCT_NAME = "$(TARGET_NAME)";
				SWIFT_VERSION = 4.2;
				TARGETED_DEVICE_FAMILY = "1,2";
				TEST_HOST = "$(BUILT_PRODUCTS_DIR)/Concurrency.app/Concurrency";
			};
			name = Release;
		};
		24EBC9F121E5859400738649 /* Debug */ = {
			isa = XCBuildConfiguration;
			buildSettings = {
				ALWAYS_EMBED_SWIFT_STANDARD_LIBRARIES = YES;
				CODE_SIGN_STYLE = Automatic;
				INFOPLIST_FILE = ConcurrencyUITests/Info.plist;
				LD_RUNPATH_SEARCH_PATHS = (
					"$(inherited)",
					"@executable_path/Frameworks",
					"@loader_path/Frameworks",
				);
				PRODUCT_BUNDLE_IDENTIFIER = com.cocoateam.ConcurrencyUITests;
				PRODUCT_NAME = "$(TARGET_NAME)";
				SWIFT_VERSION = 4.2;
				TARGETED_DEVICE_FAMILY = "1,2";
				TEST_TARGET_NAME = Concurrency;
			};
			name = Debug;
		};
		24EBC9F221E5859400738649 /* Release */ = {
			isa = XCBuildConfiguration;
			buildSettings = {
				ALWAYS_EMBED_SWIFT_STANDARD_LIBRARIES = YES;
				CODE_SIGN_STYLE = Automatic;
				INFOPLIST_FILE = ConcurrencyUITests/Info.plist;
				LD_RUNPATH_SEARCH_PATHS = (
					"$(inherited)",
					"@executable_path/Frameworks",
					"@loader_path/Frameworks",
				);
				PRODUCT_BUNDLE_IDENTIFIER = com.cocoateam.ConcurrencyUITests;
				PRODUCT_NAME = "$(TARGET_NAME)";
				SWIFT_VERSION = 4.2;
				TARGETED_DEVICE_FAMILY = "1,2";
				TEST_TARGET_NAME = Concurrency;
			};
			name = Release;
		};
/* End XCBuildConfiguration section */

/* Begin XCConfigurationList section */
		24EBC9BD21E5859100738649 /* Build configuration list for PBXProject "Concurrency" */ = {
			isa = XCConfigurationList;
			buildConfigurations = (
				24EBC9E821E5859400738649 /* Debug */,
				24EBC9E921E5859400738649 /* Release */,
			);
			defaultConfigurationIsVisible = 0;
			defaultConfigurationName = Release;
		};
		24EBC9EA21E5859400738649 /* Build configuration list for PBXNativeTarget "Concurrency" */ = {
			isa = XCConfigurationList;
			buildConfigurations = (
				24EBC9EB21E5859400738649 /* Debug */,
				24EBC9EC21E5859400738649 /* Release */,
			);
			defaultConfigurationIsVisible = 0;
			defaultConfigurationName = Release;
		};
		24EBC9ED21E5859400738649 /* Build configuration list for PBXNativeTarget "ConcurrencyTests" */ = {
			isa = XCConfigurationList;
			buildConfigurations = (
				24EBC9EE21E5859400738649 /* Debug */,
				24EBC9EF21E5859400738649 /* Release */,
			);
			defaultConfigurationIsVisible = 0;
			defaultConfigurationName = Release;
		};
		24EBC9F021E5859400738649 /* Build configuration list for PBXNativeTarget "ConcurrencyUITests" */ = {
			isa = XCConfigurationList;
			buildConfigurations = (
				24EBC9F121E5859400738649 /* Debug */,
				24EBC9F221E5859400738649 /* Release */,
			);
			defaultConfigurationIsVisible = 0;
			defaultConfigurationName = Release;
		};
/* End XCConfigurationList section */
	};
	rootObject = 24EBC9BA21E5859100738649 /* Project object */;
}
